
Microsoft Visual Studio Solution File, Format Version 12.00
# Visual Studio Version 17
VisualStudioVersion = 17.11.35312.102
MinimumVisualStudioVersion = 10.0.40219.1
Project("{9A19103F-16F7-4668-BE54-9A1E7A4F7556}") = "Dzone.Backend", "Dzone.Backend\Dzone.Backend.csproj", "{DDDD121F-531A-4A47-8093-FE4C1B12A9FA}"
EndProject
Project("{9A19103F-16F7-4668-BE54-9A1E7A4F7556}") = "Dzone.Shared", "Dzone.Shared\Dzone.Shared.csproj", "{D62A4DCE-FD86-4EA9-8E2A-839BF86F22B3}"
EndProject
Project("{FAE04EC0-301F-11D3-BF4B-00C04F79EFBC}") = "Dzone.Mobile", "Dzone.Mobile\Dzone.Mobile.csproj", "{211F1698-1999-4A4E-A51E-7FA4E10D88F6}"
EndProject
Global
	GlobalSection(SolutionConfigurationPlatforms) = preSolution
		Debug|Any CPU = Debug|Any CPU
		Release|Any CPU = Release|Any CPU
	EndGlobalSection
	GlobalSection(ProjectConfigurationPlatforms) = postSolution
		{DDDD121F-531A-4A47-8093-FE4C1B12A9FA}.Debug|Any CPU.ActiveCfg = Debug|Any CPU
		{DDDD121F-531A-4A47-8093-FE4C1B12A9FA}.Debug|Any CPU.Build.0 = Debug|Any CPU
		{DDDD121F-531A-4A47-8093-FE4C1B12A9FA}.Release|Any CPU.ActiveCfg = Release|Any CPU
		{DDDD121F-531A-4A47-8093-FE4C1B12A9FA}.Release|Any CPU.Build.0 = Release|Any CPU
		{D62A4DCE-FD86-4EA9-8E2A-839BF86F22B3}.Debug|Any CPU.ActiveCfg = Debug|Any CPU
		{D62A4DCE-FD86-4EA9-8E2A-839BF86F22B3}.Debug|Any CPU.Build.0 = Debug|Any CPU
		{D62A4DCE-FD86-4EA9-8E2A-839BF86F22B3}.Release|Any CPU.ActiveCfg = Release|Any CPU
		{D62A4DCE-FD86-4EA9-8E2A-839BF86F22B3}.Release|Any CPU.Build.0 = Release|Any CPU
		{211F1698-1999-4A4E-A51E-7FA4E10D88F6}.Debug|Any CPU.ActiveCfg = Debug|Any CPU
		{211F1698-1999-4A4E-A51E-7FA4E10D88F6}.Debug|Any CPU.Build.0 = Debug|Any CPU
		{211F1698-1999-4A4E-A51E-7FA4E10D88F6}.Debug|Any CPU.Deploy.0 = Debug|Any CPU
		{211F1698-1999-4A4E-A51E-7FA4E10D88F6}.Release|Any CPU.ActiveCfg = Release|Any CPU
		{211F1698-1999-4A4E-A51E-7FA4E10D88F6}.Release|Any CPU.Build.0 = Release|Any CPU
		{211F1698-1999-4A4E-A51E-7FA4E10D88F6}.Release|Any CPU.Deploy.0 = Release|Any CPU
	EndGlobalSection
	GlobalSection(SolutionProperties) = preSolution
		HideSolutionNode = FALSE
	EndGlobalSection
	GlobalSection(ExtensibilityGlobals) = postSolution
		SolutionGuid = {A6625420-8890-48A1-A952-2A706F01C9EE}
	EndGlobalSection
EndGlobal
